
Microsoft Visual Studio Solution File, Format Version 12.00
# Visual Studio Version 17
VisualStudioVersion = 17.14.36511.14 d17.14
MinimumVisualStudioVersion = 10.0.40219.1
Project("{2150E333-8FDC-42A3-9474-1A3956D46DE8}") = "Task0", "Task0", "{02EA681E-C7D8-13C7-8484-4AC65E1B71E8}"
EndProject
Project("{FAE04EC0-301F-11D3-BF4B-00C04F79EFBC}") = "Tyuiu.MalchikhinaVV.Sprint4.Task0.V1", "Tyuiu.MalchikhinaVV.Sprint4.Task0.V1\Tyuiu.MalchikhinaVV.Sprint4.Task0.V1.csproj", "{7B12BFCE-0E92-405F-8BF9-C5AD2B04EB31}"
EndProject
Project("{FAE04EC0-301F-11D3-BF4B-00C04F79EFBC}") = "Tyuiu.MalchikhinaVV.Sprint4.Task0.V1.Lib", "Tyuiu.MalchikhinaVV.Sprint4.Task0.V1.Lib\Tyuiu.MalchikhinaVV.Sprint4.Task0.V1.Lib.csproj", "{66421607-9DD8-4BE4-8EC0-291634FB07FA}"
EndProject
Project("{FAE04EC0-301F-11D3-BF4B-00C04F79EFBC}") = "Tyuiu.MalchikhinaVV.Sprint4.Task0.V1.Test", "Tyuiu.MalchikhinaVV.Sprint4.Task0.V1.Test\Tyuiu.MalchikhinaVV.Sprint4.Task0.V1.Test.csproj", "{E5B86F9C-B24A-4C5A-B9EF-2CA07B67BBB6}"
EndProject
Project("{2150E333-8FDC-42A3-9474-1A3956D46DE8}") = "Task1", "Task1", "{7DE04D8E-7485-4753-A58A-7F68AF4DF392}"
EndProject
Project("{FAE04EC0-301F-11D3-BF4B-00C04F79EFBC}") = "Tyuiu.MalchikhinaVV.Sprint4.Task1.V11", "Tyuiu.MalchikhinaVV.Sprint4.Task1.V11\Tyuiu.MalchikhinaVV.Sprint4.Task1.V11.csproj", "{4E162457-1E58-47E7-A0D4-F0EBDC9A7E96}"
EndProject
Project("{FAE04EC0-301F-11D3-BF4B-00C04F79EFBC}") = "Tyuiu.MalchikhinaVV.Sprint4.Task1.V11.Lib", "Tyuiu.MalchikhinaVV.Sprint4.Task1.V11.Lib\Tyuiu.MalchikhinaVV.Sprint4.Task1.V11.Lib.csproj", "{12CE7F68-E38B-4126-9AFB-3AF15BF7189E}"
EndProject
Project("{FAE04EC0-301F-11D3-BF4B-00C04F79EFBC}") = "Tyuiu.MalchikhinaVV.Sprint4.Task1.V11.Test", "Tyuiu.MalchikhinaVV.Sprint4.Task1.V11.Test\Tyuiu.MalchikhinaVV.Sprint4.Task1.V11.Test.csproj", "{47DB1778-340B-45FD-99BB-80CDB5ADC587}"
EndProject
Project("{2150E333-8FDC-42A3-9474-1A3956D46DE8}") = "Task2", "Task2", "{9EF49BAF-16C7-4268-8790-8F1EAE9DFEA9}"
EndProject
Project("{FAE04EC0-301F-11D3-BF4B-00C04F79EFBC}") = "Tyuiu.MalchikhinaVV.Sprint4.Task2.V4", "Tyuiu.MalchikhinaVV.Sprint4.Task2.V4\Tyuiu.MalchikhinaVV.Sprint4.Task2.V4.csproj", "{71C84003-D837-4F29-A131-39FE7A3F9BBC}"
EndProject
Project("{FAE04EC0-301F-11D3-BF4B-00C04F79EFBC}") = "Tyuiu.MalchikhinaVV.Sprint4.Task2.V4.Lib", "Tyuiu.MalchikhinaVV.Sprint4.Task2.V4.Lib\Tyuiu.MalchikhinaVV.Sprint4.Task2.V4.Lib.csproj", "{B728A13E-01EA-4CA4-9535-9874E59A7CFE}"
EndProject
Project("{FAE04EC0-301F-11D3-BF4B-00C04F79EFBC}") = "Tyuiu.MalchikhinaVV.Sprint4.Task2.V4.Test", "Tyuiu.MalchikhinaVV.Sprint4.Task2.V4.Test\Tyuiu.MalchikhinaVV.Sprint4.Task2.V4.Test.csproj", "{BD6474D1-B087-4D59-85BF-83F233D8AE9E}"
EndProject
Project("{2150E333-8FDC-42A3-9474-1A3956D46DE8}") = "Task3", "Task3", "{49C36C70-384A-419E-8B5C-ECD574F5F048}"
EndProject
Project("{FAE04EC0-301F-11D3-BF4B-00C04F79EFBC}") = "Tyuiu.MalchikhinaVV.Sprint4.Task3.V11", "Tyuiu.MalchikhinaVV.Sprint4.Task3.V11\Tyuiu.MalchikhinaVV.Sprint4.Task3.V11.csproj", "{33E54351-2FCC-46F1-AFF4-0896B80B96C9}"
EndProject
Project("{FAE04EC0-301F-11D3-BF4B-00C04F79EFBC}") = "Tyuiu.MalchikhinaVV.Sprint4.Task3.V11.Lib", "Tyuiu.MalchikhinaVV.Sprint4.Task3.V11.Lib\Tyuiu.MalchikhinaVV.Sprint4.Task3.V11.Lib.csproj", "{5AF36692-D6EC-49E4-BD84-357E1639375D}"
EndProject
Project("{FAE04EC0-301F-11D3-BF4B-00C04F79EFBC}") = "Tyuiu.MalchikhinaVV.Sprint4.Task3.V11.Test", "Tyuiu.MalchikhinaVV.Sprint4.Task3.V11.Test\Tyuiu.MalchikhinaVV.Sprint4.Task3.V11.Test.csproj", "{4AB49FDD-760A-4A2A-AA48-4A2998F832BB}"
EndProject
Project("{2150E333-8FDC-42A3-9474-1A3956D46DE8}") = "Task4", "Task4", "{8A49244B-33ED-420C-8365-35F35ACF23DC}"
EndProject
Project("{FAE04EC0-301F-11D3-BF4B-00C04F79EFBC}") = "Tyuiu.MalchikhinaVV.Sprint4.Task4.V17", "Tyuiu.MalchikhinaVV.Sprint4.Task4.V17\Tyuiu.MalchikhinaVV.Sprint4.Task4.V17.csproj", "{24C712D2-177C-474E-8598-62F230E23EDC}"
EndProject
Project("{FAE04EC0-301F-11D3-BF4B-00C04F79EFBC}") = "Tyuiu.MalchikhinaVV.Sprint4.Task4.V17.Lib", "Tyuiu.MalchikhinaVV.Sprint4.Task4.V17.Lib\Tyuiu.MalchikhinaVV.Sprint4.Task4.V17.Lib.csproj", "{88C9040E-A408-473F-A615-F5689347AD13}"
EndProject
Project("{FAE04EC0-301F-11D3-BF4B-00C04F79EFBC}") = "Tyuiu.MalchikhinaVV.Sprint4.Task4.V17.Test", "Tyuiu.MalchikhinaVV.Sprint4.Task4.V17.Test\Tyuiu.MalchikhinaVV.Sprint4.Task4.V17.Test.csproj", "{20500E05-512B-405B-B436-7E838B5EE5F2}"
EndProject
Project("{2150E333-8FDC-42A3-9474-1A3956D46DE8}") = "Task5", "Task5", "{14BB53B0-BEA9-448A-AFCC-DB42DE4B0102}"
EndProject
Project("{FAE04EC0-301F-11D3-BF4B-00C04F79EFBC}") = "Tyuiu.MalchikhinaVV.Sprint4.Task5.V9", "Tyuiu.MalchikhinaVV.Sprint4.Task5.V9\Tyuiu.MalchikhinaVV.Sprint4.Task5.V9.csproj", "{A3B345DB-B883-492D-8BDB-D56F5C5B4E36}"
EndProject
Project("{FAE04EC0-301F-11D3-BF4B-00C04F79EFBC}") = "Tyuiu.MalchikhinaVV.Sprint4.Task5.V9.Lib", "Tyuiu.MalchikhinaVV.Sprint4.Task5.V9.Lib\Tyuiu.MalchikhinaVV.Sprint4.Task5.V9.Lib.csproj", "{13DB1F73-0C0D-4434-A248-C146B70A5416}"
EndProject
Project("{FAE04EC0-301F-11D3-BF4B-00C04F79EFBC}") = "Tyuiu.MalchikhinaVV.Sprint4.Task5.V9.Test", "Tyuiu.MalchikhinaVV.Sprint4.Task5.V9.Test\Tyuiu.MalchikhinaVV.Sprint4.Task5.V9.Test.csproj", "{E6B9A7F2-49DB-4E34-B705-6E6B1C090168}"
EndProject
Global
	GlobalSection(SolutionConfigurationPlatforms) = preSolution
		Debug|Any CPU = Debug|Any CPU
		Release|Any CPU = Release|Any CPU
	EndGlobalSection
	GlobalSection(ProjectConfigurationPlatforms) = postSolution
		{7B12BFCE-0E92-405F-8BF9-C5AD2B04EB31}.Debug|Any CPU.ActiveCfg = Debug|Any CPU
		{7B12BFCE-0E92-405F-8BF9-C5AD2B04EB31}.Debug|Any CPU.Build.0 = Debug|Any CPU
		{7B12BFCE-0E92-405F-8BF9-C5AD2B04EB31}.Release|Any CPU.ActiveCfg = Release|Any CPU
		{7B12BFCE-0E92-405F-8BF9-C5AD2B04EB31}.Release|Any CPU.Build.0 = Release|Any CPU
		{66421607-9DD8-4BE4-8EC0-291634FB07FA}.Debug|Any CPU.ActiveCfg = Debug|Any CPU
		{66421607-9DD8-4BE4-8EC0-291634FB07FA}.Debug|Any CPU.Build.0 = Debug|Any CPU
		{66421607-9DD8-4BE4-8EC0-291634FB07FA}.Release|Any CPU.ActiveCfg = Release|Any CPU
		{66421607-9DD8-4BE4-8EC0-291634FB07FA}.Release|Any CPU.Build.0 = Release|Any CPU
		{E5B86F9C-B24A-4C5A-B9EF-2CA07B67BBB6}.Debug|Any CPU.ActiveCfg = Debug|Any CPU
		{E5B86F9C-B24A-4C5A-B9EF-2CA07B67BBB6}.Debug|Any CPU.Build.0 = Debug|Any CPU
		{E5B86F9C-B24A-4C5A-B9EF-2CA07B67BBB6}.Release|Any CPU.ActiveCfg = Release|Any CPU
		{E5B86F9C-B24A-4C5A-B9EF-2CA07B67BBB6}.Release|Any CPU.Build.0 = Release|Any CPU
		{4E162457-1E58-47E7-A0D4-F0EBDC9A7E96}.Debug|Any CPU.ActiveCfg = Debug|Any CPU
		{4E162457-1E58-47E7-A0D4-F0EBDC9A7E96}.Debug|Any CPU.Build.0 = Debug|Any CPU
		{4E162457-1E58-47E7-A0D4-F0EBDC9A7E96}.Release|Any CPU.ActiveCfg = Release|Any CPU
		{4E162457-1E58-47E7-A0D4-F0EBDC9A7E96}.Release|Any CPU.Build.0 = Release|Any CPU
		{12CE7F68-E38B-4126-9AFB-3AF15BF7189E}.Debug|Any CPU.ActiveCfg = Debug|Any CPU
		{12CE7F68-E38B-4126-9AFB-3AF15BF7189E}.Debug|Any CPU.Build.0 = Debug|Any CPU
		{12CE7F68-E38B-4126-9AFB-3AF15BF7189E}.Release|Any CPU.ActiveCfg = Release|Any CPU
		{12CE7F68-E38B-4126-9AFB-3AF15BF7189E}.Release|Any CPU.Build.0 = Release|Any CPU
		{47DB1778-340B-45FD-99BB-80CDB5ADC587}.Debug|Any CPU.ActiveCfg = Debug|Any CPU
		{47DB1778-340B-45FD-99BB-80CDB5ADC587}.Debug|Any CPU.Build.0 = Debug|Any CPU
		{47DB1778-340B-45FD-99BB-80CDB5ADC587}.Release|Any CPU.ActiveCfg = Release|Any CPU
		{47DB1778-340B-45FD-99BB-80CDB5ADC587}.Release|Any CPU.Build.0 = Release|Any CPU
		{71C84003-D837-4F29-A131-39FE7A3F9BBC}.Debug|Any CPU.ActiveCfg = Debug|Any CPU
		{71C84003-D837-4F29-A131-39FE7A3F9BBC}.Debug|Any CPU.Build.0 = Debug|Any CPU
		{71C84003-D837-4F29-A131-39FE7A3F9BBC}.Release|Any CPU.ActiveCfg = Release|Any CPU
		{71C84003-D837-4F29-A131-39FE7A3F9BBC}.Release|Any CPU.Build.0 = Release|Any CPU
		{B728A13E-01EA-4CA4-9535-9874E59A7CFE}.Debug|Any CPU.ActiveCfg = Debug|Any CPU
		{B728A13E-01EA-4CA4-9535-9874E59A7CFE}.Debug|Any CPU.Build.0 = Debug|Any CPU
		{B728A13E-01EA-4CA4-9535-9874E59A7CFE}.Release|Any CPU.ActiveCfg = Release|Any CPU
		{B728A13E-01EA-4CA4-9535-9874E59A7CFE}.Release|Any CPU.Build.0 = Release|Any CPU
		{BD6474D1-B087-4D59-85BF-83F233D8AE9E}.Debug|Any CPU.ActiveCfg = Debug|Any CPU
		{BD6474D1-B087-4D59-85BF-83F233D8AE9E}.Debug|Any CPU.Build.0 = Debug|Any CPU
		{BD6474D1-B087-4D59-85BF-83F233D8AE9E}.Release|Any CPU.ActiveCfg = Release|Any CPU
		{BD6474D1-B087-4D59-85BF-83F233D8AE9E}.Release|Any CPU.Build.0 = Release|Any CPU
		{33E54351-2FCC-46F1-AFF4-0896B80B96C9}.Debug|Any CPU.ActiveCfg = Debug|Any CPU
		{33E54351-2FCC-46F1-AFF4-0896B80B96C9}.Debug|Any CPU.Build.0 = Debug|Any CPU
		{33E54351-2FCC-46F1-AFF4-0896B80B96C9}.Release|Any CPU.ActiveCfg = Release|Any CPU
		{33E54351-2FCC-46F1-AFF4-0896B80B96C9}.Release|Any CPU.Build.0 = Release|Any CPU
		{5AF36692-D6EC-49E4-BD84-357E1639375D}.Debug|Any CPU.ActiveCfg = Debug|Any CPU
		{5AF36692-D6EC-49E4-BD84-357E1639375D}.Debug|Any CPU.Build.0 = Debug|Any CPU
		{5AF36692-D6EC-49E4-BD84-357E1639375D}.Release|Any CPU.ActiveCfg = Release|Any CPU
		{5AF36692-D6EC-49E4-BD84-357E1639375D}.Release|Any CPU.Build.0 = Release|Any CPU
		{4AB49FDD-760A-4A2A-AA48-4A2998F832BB}.Debug|Any CPU.ActiveCfg = Debug|Any CPU
		{4AB49FDD-760A-4A2A-AA48-4A2998F832BB}.Debug|Any CPU.Build.0 = Debug|Any CPU
		{4AB49FDD-760A-4A2A-AA48-4A2998F832BB}.Release|Any CPU.ActiveCfg = Release|Any CPU
		{4AB49FDD-760A-4A2A-AA48-4A2998F832BB}.Release|Any CPU.Build.0 = Release|Any CPU
		{24C712D2-177C-474E-8598-62F230E23EDC}.Debug|Any CPU.ActiveCfg = Debug|Any CPU
		{24C712D2-177C-474E-8598-62F230E23EDC}.Debug|Any CPU.Build.0 = Debug|Any CPU
		{24C712D2-177C-474E-8598-62F230E23EDC}.Release|Any CPU.ActiveCfg = Release|Any CPU
		{24C712D2-177C-474E-8598-62F230E23EDC}.Release|Any CPU.Build.0 = Release|Any CPU
		{88C9040E-A408-473F-A615-F5689347AD13}.Debug|Any CPU.ActiveCfg = Debug|Any CPU
		{88C9040E-A408-473F-A615-F5689347AD13}.Debug|Any CPU.Build.0 = Debug|Any CPU
		{88C9040E-A408-473F-A615-F5689347AD13}.Release|Any CPU.ActiveCfg = Release|Any CPU
		{88C9040E-A408-473F-A615-F5689347AD13}.Release|Any CPU.Build.0 = Release|Any CPU
		{20500E05-512B-405B-B436-7E838B5EE5F2}.Debug|Any CPU.ActiveCfg = Debug|Any CPU
		{20500E05-512B-405B-B436-7E838B5EE5F2}.Debug|Any CPU.Build.0 = Debug|Any CPU
		{20500E05-512B-405B-B436-7E838B5EE5F2}.Release|Any CPU.ActiveCfg = Release|Any CPU
		{20500E05-512B-405B-B436-7E838B5EE5F2}.Release|Any CPU.Build.0 = Release|Any CPU
		{A3B345DB-B883-492D-8BDB-D56F5C5B4E36}.Debug|Any CPU.ActiveCfg = Debug|Any CPU
		{A3B345DB-B883-492D-8BDB-D56F5C5B4E36}.Debug|Any CPU.Build.0 = Debug|Any CPU
		{A3B345DB-B883-492D-8BDB-D56F5C5B4E36}.Release|Any CPU.ActiveCfg = Release|Any CPU
		{A3B345DB-B883-492D-8BDB-D56F5C5B4E36}.Release|Any CPU.Build.0 = Release|Any CPU
		{13DB1F73-0C0D-4434-A248-C146B70A5416}.Debug|Any CPU.ActiveCfg = Debug|Any CPU
		{13DB1F73-0C0D-4434-A248-C146B70A5416}.Debug|Any CPU.Build.0 = Debug|Any CPU
		{13DB1F73-0C0D-4434-A248-C146B70A5416}.Release|Any CPU.ActiveCfg = Release|Any CPU
		{13DB1F73-0C0D-4434-A248-C146B70A5416}.Release|Any CPU.Build.0 = Release|Any CPU
		{E6B9A7F2-49DB-4E34-B705-6E6B1C090168}.Debug|Any CPU.ActiveCfg = Debug|Any CPU
		{E6B9A7F2-49DB-4E34-B705-6E6B1C090168}.Debug|Any CPU.Build.0 = Debug|Any CPU
		{E6B9A7F2-49DB-4E34-B705-6E6B1C090168}.Release|Any CPU.ActiveCfg = Release|Any CPU
		{E6B9A7F2-49DB-4E34-B705-6E6B1C090168}.Release|Any CPU.Build.0 = Release|Any CPU
	EndGlobalSection
	GlobalSection(SolutionProperties) = preSolution
		HideSolutionNode = FALSE
	EndGlobalSection
	GlobalSection(NestedProjects) = preSolution
		{7B12BFCE-0E92-405F-8BF9-C5AD2B04EB31} = {02EA681E-C7D8-13C7-8484-4AC65E1B71E8}
		{66421607-9DD8-4BE4-8EC0-291634FB07FA} = {02EA681E-C7D8-13C7-8484-4AC65E1B71E8}
		{E5B86F9C-B24A-4C5A-B9EF-2CA07B67BBB6} = {02EA681E-C7D8-13C7-8484-4AC65E1B71E8}
		{4E162457-1E58-47E7-A0D4-F0EBDC9A7E96} = {7DE04D8E-7485-4753-A58A-7F68AF4DF392}
		{12CE7F68-E38B-4126-9AFB-3AF15BF7189E} = {7DE04D8E-7485-4753-A58A-7F68AF4DF392}
		{47DB1778-340B-45FD-99BB-80CDB5ADC587} = {7DE04D8E-7485-4753-A58A-7F68AF4DF392}
		{71C84003-D837-4F29-A131-39FE7A3F9BBC} = {9EF49BAF-16C7-4268-8790-8F1EAE9DFEA9}
		{B728A13E-01EA-4CA4-9535-9874E59A7CFE} = {9EF49BAF-16C7-4268-8790-8F1EAE9DFEA9}
		{BD6474D1-B087-4D59-85BF-83F233D8AE9E} = {9EF49BAF-16C7-4268-8790-8F1EAE9DFEA9}
		{33E54351-2FCC-46F1-AFF4-0896B80B96C9} = {49C36C70-384A-419E-8B5C-ECD574F5F048}
		{5AF36692-D6EC-49E4-BD84-357E1639375D} = {49C36C70-384A-419E-8B5C-ECD574F5F048}
		{4AB49FDD-760A-4A2A-AA48-4A2998F832BB} = {49C36C70-384A-419E-8B5C-ECD574F5F048}
		{24C712D2-177C-474E-8598-62F230E23EDC} = {8A49244B-33ED-420C-8365-35F35ACF23DC}
		{88C9040E-A408-473F-A615-F5689347AD13} = {8A49244B-33ED-420C-8365-35F35ACF23DC}
		{20500E05-512B-405B-B436-7E838B5EE5F2} = {8A49244B-33ED-420C-8365-35F35ACF23DC}
		{A3B345DB-B883-492D-8BDB-D56F5C5B4E36} = {14BB53B0-BEA9-448A-AFCC-DB42DE4B0102}
		{13DB1F73-0C0D-4434-A248-C146B70A5416} = {14BB53B0-BEA9-448A-AFCC-DB42DE4B0102}
		{E6B9A7F2-49DB-4E34-B705-6E6B1C090168} = {14BB53B0-BEA9-448A-AFCC-DB42DE4B0102}
	EndGlobalSection
	GlobalSection(ExtensibilityGlobals) = postSolution
		SolutionGuid = {56A8242A-C511-4BFF-A6A9-5E6FA67C3F7C}
	EndGlobalSection
EndGlobal
